PODS:
  - OHHTTPStubs (5.2.2):
    - OHHTTPStubs/Default (= 5.2.2)
  - OHHTTPStubs/Core (5.2.2)
  - OHHTTPStubs/Default (5.2.2):
    - OHHTTPStubs/Core
    - OHHTTPStubs/JSON
    - OHHTTPStubs/NSURLSession
    - OHHTTPStubs/OHPathHelpers
  - OHHTTPStubs/JSON (5.2.2):
    - OHHTTPStubs/Core
  - OHHTTPStubs/NSURLSession (5.2.2):
    - OHHTTPStubs/Core
  - OHHTTPStubs/OHPathHelpers (5.2.2)
  - OHHTTPStubs/Swift (5.2.2):
    - OHHTTPStubs/Core
  - THRResult (0.0.1)

DEPENDENCIES:
  - OHHTTPStubs (~> 5.2)
  - OHHTTPStubs/Swift (~> 5.2)
  - THRResult

SPEC CHECKSUMS:
  OHHTTPStubs: 34d9d0994e64fcf8552dbfade5ce82ada913ee31
  THRResult: 173d7193812ef859e14c8fdbe8cd81e9deea5db4

PODFILE CHECKSUM: cf222e4418500d3d2ee18bcc3d308f35c55af58e

COCOAPODS: 1.1.1
