PODS:
  - PeakOperation (2.0.0):
    - PeakResult
  - PeakResult (2.0.0)

DEPENDENCIES:
  - PeakOperation

SPEC REPOS:
  "git@gitlab.3squared.com:iOSLibraries/CocoaPodSpecs.git":
    - PeakOperation
    - PeakResult

SPEC CHECKSUMS:
  PeakOperation: 36c6e37776e77e832c6f5f10ef81f0b2e5ccafb9
  PeakResult: 7243100254ac19e7da4a1d9f3e49fab5b4772f4a

PODFILE CHECKSUM: c46eb47d18e75c37e242c41e932c7fbcdad7d38f

COCOAPODS: 1.5.3
