PODS:
  - PeakOperation (3.2.0)

DEPENDENCIES:
  - PeakOperation (from `../PeakOperation/`)

EXTERNAL SOURCES:
  PeakOperation:
    :path: "../PeakOperation/"

SPEC CHECKSUMS:
  PeakOperation: 59ee044652b7bd2f12a3ae0118aa0d02bb6f70cf

PODFILE CHECKSUM: 6d9810bd14bb6cf18d64dba465269c0ab4e5fbaa

COCOAPODS: 1.6.1
