PODS:
  - PeakNetwork (5.0.0):
    - PeakOperation
  - PeakOperation (3.2.0)

DEPENDENCIES:
  - PeakNetwork (from `../`)

SPEC REPOS:
  https://github.com/cocoapods/specs.git:
    - PeakOperation

EXTERNAL SOURCES:
  PeakNetwork:
    :path: "../"

SPEC CHECKSUMS:
  PeakNetwork: 2c242ea0276dfb072143595de9ebfe0bc353d382
  PeakOperation: 59ee044652b7bd2f12a3ae0118aa0d02bb6f70cf

PODFILE CHECKSUM: 1ba7eb7b5ec1e6601a0201f475e55b5955b69ff0

COCOAPODS: 1.6.1
