PODS:
  - PeakNetwork (5.1.0):
    - PeakOperation
  - PeakOperation (3.2.0)

DEPENDENCIES:
  - PeakNetwork (from `../`)

SPEC REPOS:
  https://github.com/cocoapods/specs.git:
    - PeakOperation

EXTERNAL SOURCES:
  PeakNetwork:
    :path: "../"

SPEC CHECKSUMS:
  PeakNetwork: 913433eb5621004501e7e6924a73ddb57fb4b069
  PeakOperation: 59ee044652b7bd2f12a3ae0118aa0d02bb6f70cf

PODFILE CHECKSUM: 1ba7eb7b5ec1e6601a0201f475e55b5955b69ff0

COCOAPODS: 1.6.1
