PODS:
  - PeakNetwork (6.2.0):
    - PeakOperation
  - PeakOperation (4.2.0)

DEPENDENCIES:
  - PeakNetwork (from `../`)

SPEC REPOS:
  https://github.com/CocoaPods/Specs.git:
    - PeakOperation

EXTERNAL SOURCES:
  PeakNetwork:
    :path: "../"

SPEC CHECKSUMS:
  PeakNetwork: 0ce795b95ade3e4bb139acf64059342c1a8e7069
  PeakOperation: 5095cc28b746418af8dd703772331d5ea03d8da8

PODFILE CHECKSUM: 252c48cf94d619d0626008d2e35afc4d8343cbcf

COCOAPODS: 1.9.3
