// !$*UTF8*$!
{
	archiveVersion = 1;
	classes = {
	};
	objectVersion = 48;
	objects = {

/* Begin PBXBuildFile section */
		0ABF0F530AF3B11F12C43522 /* libPods-PeakNetwork-iOSTests.a in Frameworks */ = {isa = PBXBuildFile; fileRef = 15B51BF785E46F99A7DA4347 /* libPods-PeakNetwork-iOSTests.a */; };
		182C4827219DC70D00B03F9F /* PeakNetwork.h in Headers */ = {isa = PBXBuildFile; fileRef = CBFD4EE01F740C07008CD8AA /* PeakNetwork.h */; };
		1830B148219D8ED600AC862F /* PeakNetwork_macOS.framework in Frameworks */ = {isa = PBXBuildFile; fileRef = 1830B13F219D8ED600AC862F /* PeakNetwork_macOS.framework */; };
		1830B164219D8F9E00AC862F /* CertificatePinningSessionDelegate.swift in Sources */ = {isa = PBXBuildFile; fileRef = CB2380DC1F740D1500F1B001 /* CertificatePinningSessionDelegate.swift */; };
		1830B165219D8F9E00AC862F /* Errors.swift in Sources */ = {isa = PBXBuildFile; fileRef = CB2380E31F740D1500F1B001 /* Errors.swift */; };
		1830B166219D8F9E00AC862F /* HTTPMethods.swift in Sources */ = {isa = PBXBuildFile; fileRef = CB2380E01F740D1500F1B001 /* HTTPMethods.swift */; };
		1830B167219D8F9E00AC862F /* HTTPStatusCodes.swift in Sources */ = {isa = PBXBuildFile; fileRef = CB3AA6C91FD5A5C9008EFC5C /* HTTPStatusCodes.swift */; };
		1830B168219D8F9E00AC862F /* ImageController.swift in Sources */ = {isa = PBXBuildFile; fileRef = CB2380DD1F740D1500F1B001 /* ImageController.swift */; };
		1830B169219D8F9E00AC862F /* Logger.swift in Sources */ = {isa = PBXBuildFile; fileRef = CBF2179620CAC63700515DB2 /* Logger.swift */; };
		1830B16A219D8F9E00AC862F /* NetworkOperation.swift in Sources */ = {isa = PBXBuildFile; fileRef = CB2380DB1F740D1500F1B001 /* NetworkOperation.swift */; };
		1830B16B219D8F9E00AC862F /* Operators.swift in Sources */ = {isa = PBXBuildFile; fileRef = CB2380DE1F740D1500F1B001 /* Operators.swift */; };
		1830B16C219DBE6A00AC862F /* Session.swift in Sources */ = {isa = PBXBuildFile; fileRef = CB2380DF1F740D1500F1B001 /* Session.swift */; };
		188DEAC3220DAF790067A6EF /* PeakNetwork.h in Headers */ = {isa = PBXBuildFile; fileRef = CBFD4EE01F740C07008CD8AA /* PeakNetwork.h */; };
		188DEAC5220DAF9B0067A6EF /* PeakNetwork+Aliases.swift in Sources */ = {isa = PBXBuildFile; fileRef = 188DEAC4220DAF9B0067A6EF /* PeakNetwork+Aliases.swift */; };
		188DEAC7220DAF9F0067A6EF /* PeakNetwork+Aliases.swift in Sources */ = {isa = PBXBuildFile; fileRef = 188DEAC4220DAF9B0067A6EF /* PeakNetwork+Aliases.swift */; };
		18F2DFF321A81ABD007098FB /* Requestable.swift in Sources */ = {isa = PBXBuildFile; fileRef = 18F2DFF221A81ABD007098FB /* Requestable.swift */; };
		18F2DFF421A81ABD007098FB /* Requestable.swift in Sources */ = {isa = PBXBuildFile; fileRef = 18F2DFF221A81ABD007098FB /* Requestable.swift */; };
		25F55EACE4745B17BDCF734D /* libPods-PeakNetwork-macOS.a in Frameworks */ = {isa = PBXBuildFile; fileRef = 76C2CC72593AFE1EF68EAC50 /* libPods-PeakNetwork-macOS.a */; };
		CAC3E8F76AC9DAB861D96F3C /* libPods-PeakNetwork-macOSTests.a in Frameworks */ = {isa = PBXBuildFile; fileRef = 27F82A9AFF4776139A2773C6 /* libPods-PeakNetwork-macOSTests.a */; };
		CB2380E41F740D1500F1B001 /* NetworkOperation.swift in Sources */ = {isa = PBXBuildFile; fileRef = CB2380DB1F740D1500F1B001 /* NetworkOperation.swift */; };
		CB2380E51F740D1500F1B001 /* CertificatePinningSessionDelegate.swift in Sources */ = {isa = PBXBuildFile; fileRef = CB2380DC1F740D1500F1B001 /* CertificatePinningSessionDelegate.swift */; };
		CB2380E61F740D1500F1B001 /* ImageController.swift in Sources */ = {isa = PBXBuildFile; fileRef = CB2380DD1F740D1500F1B001 /* ImageController.swift */; };
		CB2380E71F740D1500F1B001 /* Operators.swift in Sources */ = {isa = PBXBuildFile; fileRef = CB2380DE1F740D1500F1B001 /* Operators.swift */; };
		CB2380E81F740D1500F1B001 /* Session.swift in Sources */ = {isa = PBXBuildFile; fileRef = CB2380DF1F740D1500F1B001 /* Session.swift */; };
		CB2380E91F740D1500F1B001 /* HTTPMethods.swift in Sources */ = {isa = PBXBuildFile; fileRef = CB2380E01F740D1500F1B001 /* HTTPMethods.swift */; };
		CB2380EC1F740D1500F1B001 /* Errors.swift in Sources */ = {isa = PBXBuildFile; fileRef = CB2380E31F740D1500F1B001 /* Errors.swift */; };
		CB2380F51F740D9C00F1B001 /* CertificatePinningTests.swift in Sources */ = {isa = PBXBuildFile; fileRef = CB2380F21F740D7600F1B001 /* CertificatePinningTests.swift */; };
		CB2380F61F740D9C00F1B001 /* ImageControllerTests.swift in Sources */ = {isa = PBXBuildFile; fileRef = CB2380EE1F740D7600F1B001 /* ImageControllerTests.swift */; };
		CB2380F71F740D9C00F1B001 /* NetworkTests.swift in Sources */ = {isa = PBXBuildFile; fileRef = CB2380F01F740D7600F1B001 /* NetworkTests.swift */; };
		CB2380F81F740D9C00F1B001 /* TestEntity.swift in Sources */ = {isa = PBXBuildFile; fileRef = CB2380F31F740D7600F1B001 /* TestEntity.swift */; };
		CB2380F91F740DBD00F1B001 /* 300.png in Resources */ = {isa = PBXBuildFile; fileRef = CB2380EF1F740D7600F1B001 /* 300.png */; };
		CB2380FA1F740DBD00F1B001 /* 600.png in Resources */ = {isa = PBXBuildFile; fileRef = CB2380F41F740D7600F1B001 /* 600.png */; };
		CB2380FB1F740DBD00F1B001 /* github.com.cer in Resources */ = {isa = PBXBuildFile; fileRef = CB2380F11F740D7600F1B001 /* github.com.cer */; };
		CB3178731FDAA5AF00B063ED /* test.json in Resources */ = {isa = PBXBuildFile; fileRef = CB3178721FDAA5AF00B063ED /* test.json */; };
		CB3AA6CA1FD5A5C9008EFC5C /* HTTPStatusCodes.swift in Sources */ = {isa = PBXBuildFile; fileRef = CB3AA6C91FD5A5C9008EFC5C /* HTTPStatusCodes.swift */; };
		CB5F252A206BD4A30023FB7F /* MockSessionTests.swift in Sources */ = {isa = PBXBuildFile; fileRef = CB5F2529206BD4A30023FB7F /* MockSessionTests.swift */; };
		CBF2179720CAC63700515DB2 /* Logger.swift in Sources */ = {isa = PBXBuildFile; fileRef = CBF2179620CAC63700515DB2 /* Logger.swift */; };
		CBFD4EE71F740C07008CD8AA /* PeakNetwork_iOS.framework in Frameworks */ = {isa = PBXBuildFile; fileRef = CBFD4EDD1F740C07008CD8AA /* PeakNetwork_iOS.framework */; };
		F4136952B70A608A1EC4C881 /* libPods-PeakNetwork-iOS.a in Frameworks */ = {isa = PBXBuildFile; fileRef = E6DCE3A2926F7FADD67D8B5F /* libPods-PeakNetwork-iOS.a */; };
		F5048E5C221420B7005E8269 /* RecordingLogger.swift in Sources */ = {isa = PBXBuildFile; fileRef = F5048E5B221420B7005E8269 /* RecordingLogger.swift */; };
		F5048E6122143C70005E8269 /* RecordingLoggerTests.swift in Sources */ = {isa = PBXBuildFile; fileRef = F5048E6022143C70005E8269 /* RecordingLoggerTests.swift */; };
/* End PBXBuildFile section */

/* Begin PBXContainerItemProxy section */
		1830B149219D8ED600AC862F /* PBXContainerItemProxy */ = {
			isa = PBXContainerItemProxy;
			containerPortal = CBFD4ED41F740C07008CD8AA /* Project object */;
			proxyType = 1;
			remoteGlobalIDString = 1830B13E219D8ED600AC862F;
			remoteInfo = "PeakNetwork-macOS";
		};
		CBFD4EE81F740C07008CD8AA /* PBXContainerItemProxy */ = {
			isa = PBXContainerItemProxy;
			containerPortal = CBFD4ED41F740C07008CD8AA /* Project object */;
			proxyType = 1;
			remoteGlobalIDString = CBFD4EDC1F740C07008CD8AA;
			remoteInfo = THRNetwork;
		};
/* End PBXContainerItemProxy section */

/* Begin PBXFileReference section */
		056D1377BC3154B39DE0DF12 /* Pods-PeakNetwork-macOS.debug.xcconfig */ = {isa = PBXFileReference; includeInIndex = 1; lastKnownFileType = text.xcconfig; name = "Pods-PeakNetwork-macOS.debug.xcconfig"; path = "Pods/Target Support Files/Pods-PeakNetwork-macOS/Pods-PeakNetwork-macOS.debug.xcconfig"; sourceTree = "<group>"; };
		1181CBF1635E348B99C9CBA8 /* Pods-PeakNetwork-iOSTests.debug.xcconfig */ = {isa = PBXFileReference; includeInIndex = 1; lastKnownFileType = text.xcconfig; name = "Pods-PeakNetwork-iOSTests.debug.xcconfig"; path = "Pods/Target Support Files/Pods-PeakNetwork-iOSTests/Pods-PeakNetwork-iOSTests.debug.xcconfig"; sourceTree = "<group>"; };
		15B51BF785E46F99A7DA4347 /* libPods-PeakNetwork-iOSTests.a */ = {isa = PBXFileReference; explicitFileType = archive.ar; includeInIndex = 0; path = "libPods-PeakNetwork-iOSTests.a"; sourceTree = BUILT_PRODUCTS_DIR; };
		1830B13F219D8ED600AC862F /* PeakNetwork_macOS.framework */ = {isa = PBXFileReference; explicitFileType = wrapper.framework; includeInIndex = 0; path = PeakNetwork_macOS.framework; sourceTree = BUILT_PRODUCTS_DIR; };
		1830B142219D8ED600AC862F /* Info.plist */ = {isa = PBXFileReference; lastKnownFileType = text.plist.xml; path = Info.plist; sourceTree = "<group>"; };
		1830B147219D8ED600AC862F /* PeakNetwork_macOSTests.xctest */ = {isa = PBXFileReference; explicitFileType = wrapper.cfbundle; includeInIndex = 0; path = PeakNetwork_macOSTests.xctest; sourceTree = BUILT_PRODUCTS_DIR; };
		1830B14E219D8ED600AC862F /* Info.plist */ = {isa = PBXFileReference; lastKnownFileType = text.plist.xml; path = Info.plist; sourceTree = "<group>"; };
		188DEAC4220DAF9B0067A6EF /* PeakNetwork+Aliases.swift */ = {isa = PBXFileReference; lastKnownFileType = sourcecode.swift; path = "PeakNetwork+Aliases.swift"; sourceTree = "<group>"; };
		18F2DFF221A81ABD007098FB /* Requestable.swift */ = {isa = PBXFileReference; fileEncoding = 4; lastKnownFileType = sourcecode.swift; path = Requestable.swift; sourceTree = "<group>"; };
		19F67A4308912F1015036221 /* Pods-PeakNetwork-macOS.release.xcconfig */ = {isa = PBXFileReference; includeInIndex = 1; lastKnownFileType = text.xcconfig; name = "Pods-PeakNetwork-macOS.release.xcconfig"; path = "Pods/Target Support Files/Pods-PeakNetwork-macOS/Pods-PeakNetwork-macOS.release.xcconfig"; sourceTree = "<group>"; };
		27F82A9AFF4776139A2773C6 /* libPods-PeakNetwork-macOSTests.a */ = {isa = PBXFileReference; explicitFileType = archive.ar; includeInIndex = 0; path = "libPods-PeakNetwork-macOSTests.a"; sourceTree = BUILT_PRODUCTS_DIR; };
		3F9F5BFD151A18FBA00DF18B /* Pods-PeakNetwork-macOSTests.debug.xcconfig */ = {isa = PBXFileReference; includeInIndex = 1; lastKnownFileType = text.xcconfig; name = "Pods-PeakNetwork-macOSTests.debug.xcconfig"; path = "Pods/Target Support Files/Pods-PeakNetwork-macOSTests/Pods-PeakNetwork-macOSTests.debug.xcconfig"; sourceTree = "<group>"; };
		73AF6A0F3F1AF9D6A6612758 /* Pods-PeakNetwork-iOSTests.release.xcconfig */ = {isa = PBXFileReference; includeInIndex = 1; lastKnownFileType = text.xcconfig; name = "Pods-PeakNetwork-iOSTests.release.xcconfig"; path = "Pods/Target Support Files/Pods-PeakNetwork-iOSTests/Pods-PeakNetwork-iOSTests.release.xcconfig"; sourceTree = "<group>"; };
		76C2CC72593AFE1EF68EAC50 /* libPods-PeakNetwork-macOS.a */ = {isa = PBXFileReference; explicitFileType = archive.ar; includeInIndex = 0; path = "libPods-PeakNetwork-macOS.a"; sourceTree = BUILT_PRODUCTS_DIR; };
		7F13389A8316B538B81A6709 /* Pods-PeakNetwork-macOSTests.release.xcconfig */ = {isa = PBXFileReference; includeInIndex = 1; lastKnownFileType = text.xcconfig; name = "Pods-PeakNetwork-macOSTests.release.xcconfig"; path = "Pods/Target Support Files/Pods-PeakNetwork-macOSTests/Pods-PeakNetwork-macOSTests.release.xcconfig"; sourceTree = "<group>"; };
		8A48F868C8C5C16D7EF37F7F /* Pods-PeakNetwork-iOS.release.xcconfig */ = {isa = PBXFileReference; includeInIndex = 1; lastKnownFileType = text.xcconfig; name = "Pods-PeakNetwork-iOS.release.xcconfig"; path = "Pods/Target Support Files/Pods-PeakNetwork-iOS/Pods-PeakNetwork-iOS.release.xcconfig"; sourceTree = "<group>"; };
		CB2380DB1F740D1500F1B001 /* NetworkOperation.swift */ = {isa = PBXFileReference; lastKnownFileType = sourcecode.swift; path = NetworkOperation.swift; sourceTree = "<group>"; };
		CB2380DC1F740D1500F1B001 /* CertificatePinningSessionDelegate.swift */ = {isa = PBXFileReference; lastKnownFileType = sourcecode.swift; path = CertificatePinningSessionDelegate.swift; sourceTree = "<group>"; };
		CB2380DD1F740D1500F1B001 /* ImageController.swift */ = {isa = PBXFileReference; lastKnownFileType = sourcecode.swift; path = ImageController.swift; sourceTree = "<group>"; };
		CB2380DE1F740D1500F1B001 /* Operators.swift */ = {isa = PBXFileReference; lastKnownFileType = sourcecode.swift; path = Operators.swift; sourceTree = "<group>"; };
		CB2380DF1F740D1500F1B001 /* Session.swift */ = {isa = PBXFileReference; lastKnownFileType = sourcecode.swift; path = Session.swift; sourceTree = "<group>"; };
		CB2380E01F740D1500F1B001 /* HTTPMethods.swift */ = {isa = PBXFileReference; lastKnownFileType = sourcecode.swift; path = HTTPMethods.swift; sourceTree = "<group>"; };
		CB2380E31F740D1500F1B001 /* Errors.swift */ = {isa = PBXFileReference; lastKnownFileType = sourcecode.swift; path = Errors.swift; sourceTree = "<group>"; };
		CB2380EE1F740D7600F1B001 /* ImageControllerTests.swift */ = {isa = PBXFileReference; lastKnownFileType = sourcecode.swift; path = ImageControllerTests.swift; sourceTree = "<group>"; };
		CB2380EF1F740D7600F1B001 /* 300.png */ = {isa = PBXFileReference; lastKnownFileType = image.png; path = 300.png; sourceTree = "<group>"; };
		CB2380F01F740D7600F1B001 /* NetworkTests.swift */ = {isa = PBXFileReference; lastKnownFileType = sourcecode.swift; path = NetworkTests.swift; sourceTree = "<group>"; };
		CB2380F11F740D7600F1B001 /* github.com.cer */ = {isa = PBXFileReference; lastKnownFileType = file; path = github.com.cer; sourceTree = "<group>"; };
		CB2380F21F740D7600F1B001 /* CertificatePinningTests.swift */ = {isa = PBXFileReference; lastKnownFileType = sourcecode.swift; path = CertificatePinningTests.swift; sourceTree = "<group>"; };
		CB2380F31F740D7600F1B001 /* TestEntity.swift */ = {isa = PBXFileReference; lastKnownFileType = sourcecode.swift; path = TestEntity.swift; sourceTree = "<group>"; };
		CB2380F41F740D7600F1B001 /* 600.png */ = {isa = PBXFileReference; lastKnownFileType = image.png; path = 600.png; sourceTree = "<group>"; };
		CB3178721FDAA5AF00B063ED /* test.json */ = {isa = PBXFileReference; lastKnownFileType = text.json; path = test.json; sourceTree = "<group>"; };
		CB3AA6C91FD5A5C9008EFC5C /* HTTPStatusCodes.swift */ = {isa = PBXFileReference; lastKnownFileType = sourcecode.swift; path = HTTPStatusCodes.swift; sourceTree = "<group>"; };
		CB5F2529206BD4A30023FB7F /* MockSessionTests.swift */ = {isa = PBXFileReference; lastKnownFileType = sourcecode.swift; path = MockSessionTests.swift; sourceTree = "<group>"; };
		CBF2179620CAC63700515DB2 /* Logger.swift */ = {isa = PBXFileReference; lastKnownFileType = sourcecode.swift; path = Logger.swift; sourceTree = "<group>"; };
		CBFD4EDD1F740C07008CD8AA /* PeakNetwork_iOS.framework */ = {isa = PBXFileReference; explicitFileType = wrapper.framework; includeInIndex = 0; path = PeakNetwork_iOS.framework; sourceTree = BUILT_PRODUCTS_DIR; };
		CBFD4EE01F740C07008CD8AA /* PeakNetwork.h */ = {isa = PBXFileReference; lastKnownFileType = sourcecode.c.h; path = PeakNetwork.h; sourceTree = "<group>"; };
		CBFD4EE11F740C07008CD8AA /* Info.plist */ = {isa = PBXFileReference; lastKnownFileType = text.plist.xml; path = Info.plist; sourceTree = "<group>"; };
		CBFD4EE61F740C07008CD8AA /* PeakNetwork_iOSTests.xctest */ = {isa = PBXFileReference; explicitFileType = wrapper.cfbundle; includeInIndex = 0; path = PeakNetwork_iOSTests.xctest; sourceTree = BUILT_PRODUCTS_DIR; };
		CBFD4EED1F740C07008CD8AA /* Info.plist */ = {isa = PBXFileReference; lastKnownFileType = text.plist.xml; path = Info.plist; sourceTree = "<group>"; };
		E6DCE3A2926F7FADD67D8B5F /* libPods-PeakNetwork-iOS.a */ = {isa = PBXFileReference; explicitFileType = archive.ar; includeInIndex = 0; path = "libPods-PeakNetwork-iOS.a"; sourceTree = BUILT_PRODUCTS_DIR; };
		F5048E5B221420B7005E8269 /* RecordingLogger.swift */ = {isa = PBXFileReference; fileEncoding = 4; lastKnownFileType = sourcecode.swift; path = RecordingLogger.swift; sourceTree = "<group>"; };
		F5048E6022143C70005E8269 /* RecordingLoggerTests.swift */ = {isa = PBXFileReference; lastKnownFileType = sourcecode.swift; path = RecordingLoggerTests.swift; sourceTree = "<group>"; };
		F97A8322DDD435542D70EBE4 /* Pods-PeakNetwork-iOS.debug.xcconfig */ = {isa = PBXFileReference; includeInIndex = 1; lastKnownFileType = text.xcconfig; name = "Pods-PeakNetwork-iOS.debug.xcconfig"; path = "Pods/Target Support Files/Pods-PeakNetwork-iOS/Pods-PeakNetwork-iOS.debug.xcconfig"; sourceTree = "<group>"; };
/* End PBXFileReference section */

/* Begin PBXFrameworksBuildPhase section */
		1830B13C219D8ED600AC862F /* Frameworks */ = {
			isa = PBXFrameworksBuildPhase;
			buildActionMask = 2147483647;
			files = (
				25F55EACE4745B17BDCF734D /* libPods-PeakNetwork-macOS.a in Frameworks */,
			);
			runOnlyForDeploymentPostprocessing = 0;
		};
		1830B144219D8ED600AC862F /* Frameworks */ = {
			isa = PBXFrameworksBuildPhase;
			buildActionMask = 2147483647;
			files = (
				1830B148219D8ED600AC862F /* PeakNetwork_macOS.framework in Frameworks */,
				CAC3E8F76AC9DAB861D96F3C /* libPods-PeakNetwork-macOSTests.a in Frameworks */,
			);
			runOnlyForDeploymentPostprocessing = 0;
		};
		CBFD4ED91F740C07008CD8AA /* Frameworks */ = {
			isa = PBXFrameworksBuildPhase;
			buildActionMask = 2147483647;
			files = (
				F4136952B70A608A1EC4C881 /* libPods-PeakNetwork-iOS.a in Frameworks */,
			);
			runOnlyForDeploymentPostprocessing = 0;
		};
		CBFD4EE31F740C07008CD8AA /* Frameworks */ = {
			isa = PBXFrameworksBuildPhase;
			buildActionMask = 2147483647;
			files = (
				CBFD4EE71F740C07008CD8AA /* PeakNetwork_iOS.framework in Frameworks */,
				0ABF0F530AF3B11F12C43522 /* libPods-PeakNetwork-iOSTests.a in Frameworks */,
			);
			runOnlyForDeploymentPostprocessing = 0;
		};
/* End PBXFrameworksBuildPhase section */

/* Begin PBXGroup section */
		115BC29ECA395A799C88B9AE /* Frameworks */ = {
			isa = PBXGroup;
			children = (
				E6DCE3A2926F7FADD67D8B5F /* libPods-PeakNetwork-iOS.a */,
				15B51BF785E46F99A7DA4347 /* libPods-PeakNetwork-iOSTests.a */,
				76C2CC72593AFE1EF68EAC50 /* libPods-PeakNetwork-macOS.a */,
				27F82A9AFF4776139A2773C6 /* libPods-PeakNetwork-macOSTests.a */,
			);
			name = Frameworks;
			sourceTree = "<group>";
		};
		1830B136219D8E3400AC862F /* Core */ = {
			isa = PBXGroup;
			children = (
				18F2DFF221A81ABD007098FB /* Requestable.swift */,
				CB2380DF1F740D1500F1B001 /* Session.swift */,
				CB2380DC1F740D1500F1B001 /* CertificatePinningSessionDelegate.swift */,
				CB2380E31F740D1500F1B001 /* Errors.swift */,
				CB2380E01F740D1500F1B001 /* HTTPMethods.swift */,
				CB3AA6C91FD5A5C9008EFC5C /* HTTPStatusCodes.swift */,
				CB2380DD1F740D1500F1B001 /* ImageController.swift */,
				CBF2179620CAC63700515DB2 /* Logger.swift */,
				CBFD4EE01F740C07008CD8AA /* PeakNetwork.h */,
				CB2380DB1F740D1500F1B001 /* NetworkOperation.swift */,
				CB2380DE1F740D1500F1B001 /* Operators.swift */,
				F5048E5B221420B7005E8269 /* RecordingLogger.swift */,
				188DEAC4220DAF9B0067A6EF /* PeakNetwork+Aliases.swift */,
			);
			path = Core;
			sourceTree = "<group>";
		};
		1830B137219D8E3B00AC862F /* Platforms */ = {
			isa = PBXGroup;
			children = (
				1830B138219D8E4100AC862F /* iOS */,
				1830B139219D8E4600AC862F /* macOS */,
			);
			path = Platforms;
			sourceTree = "<group>";
		};
		1830B138219D8E4100AC862F /* iOS */ = {
			isa = PBXGroup;
			children = (
				CBFD4EE11F740C07008CD8AA /* Info.plist */,
			);
			path = iOS;
			sourceTree = "<group>";
		};
		1830B139219D8E4600AC862F /* macOS */ = {
			isa = PBXGroup;
			children = (
				1830B142219D8ED600AC862F /* Info.plist */,
			);
			path = macOS;
			sourceTree = "<group>";
		};
		1830B157219D8F2A00AC862F /* Core */ = {
			isa = PBXGroup;
			children = (
				CB2380EF1F740D7600F1B001 /* 300.png */,
				CB2380F41F740D7600F1B001 /* 600.png */,
				CB2380F21F740D7600F1B001 /* CertificatePinningTests.swift */,
				CB5F2529206BD4A30023FB7F /* MockSessionTests.swift */,
				CB2380F11F740D7600F1B001 /* github.com.cer */,
				CB2380EE1F740D7600F1B001 /* ImageControllerTests.swift */,
				CB2380F01F740D7600F1B001 /* NetworkTests.swift */,
				CB2380F31F740D7600F1B001 /* TestEntity.swift */,
				CB3178721FDAA5AF00B063ED /* test.json */,
				F5048E6022143C70005E8269 /* RecordingLoggerTests.swift */,
			);
			path = Core;
			sourceTree = "<group>";
		};
		1830B158219D8F2E00AC862F /* Platforms */ = {
			isa = PBXGroup;
			children = (
				1830B159219D8F3400AC862F /* iOS */,
				1830B15A219D8F3800AC862F /* macOS */,
			);
			path = Platforms;
			sourceTree = "<group>";
		};
		1830B159219D8F3400AC862F /* iOS */ = {
			isa = PBXGroup;
			children = (
				CBFD4EED1F740C07008CD8AA /* Info.plist */,
			);
			path = iOS;
			sourceTree = "<group>";
		};
		1830B15A219D8F3800AC862F /* macOS */ = {
			isa = PBXGroup;
			children = (
				1830B14E219D8ED600AC862F /* Info.plist */,
			);
			path = macOS;
			sourceTree = "<group>";
		};
		B8B6D6EB9A597CDC618DFF02 /* Pods */ = {
			isa = PBXGroup;
			children = (
				F97A8322DDD435542D70EBE4 /* Pods-PeakNetwork-iOS.debug.xcconfig */,
				8A48F868C8C5C16D7EF37F7F /* Pods-PeakNetwork-iOS.release.xcconfig */,
				1181CBF1635E348B99C9CBA8 /* Pods-PeakNetwork-iOSTests.debug.xcconfig */,
				73AF6A0F3F1AF9D6A6612758 /* Pods-PeakNetwork-iOSTests.release.xcconfig */,
				056D1377BC3154B39DE0DF12 /* Pods-PeakNetwork-macOS.debug.xcconfig */,
				19F67A4308912F1015036221 /* Pods-PeakNetwork-macOS.release.xcconfig */,
				3F9F5BFD151A18FBA00DF18B /* Pods-PeakNetwork-macOSTests.debug.xcconfig */,
				7F13389A8316B538B81A6709 /* Pods-PeakNetwork-macOSTests.release.xcconfig */,
			);
			name = Pods;
			sourceTree = "<group>";
		};
		CBFD4ED31F740C07008CD8AA = {
			isa = PBXGroup;
			children = (
				CBFD4EDF1F740C07008CD8AA /* PeakNetwork */,
				CBFD4EEA1F740C07008CD8AA /* Unit Tests */,
				CBFD4EDE1F740C07008CD8AA /* Products */,
				B8B6D6EB9A597CDC618DFF02 /* Pods */,
				115BC29ECA395A799C88B9AE /* Frameworks */,
			);
			sourceTree = "<group>";
		};
		CBFD4EDE1F740C07008CD8AA /* Products */ = {
			isa = PBXGroup;
			children = (
				CBFD4EDD1F740C07008CD8AA /* PeakNetwork_iOS.framework */,
				CBFD4EE61F740C07008CD8AA /* PeakNetwork_iOSTests.xctest */,
				1830B13F219D8ED600AC862F /* PeakNetwork_macOS.framework */,
				1830B147219D8ED600AC862F /* PeakNetwork_macOSTests.xctest */,
			);
			name = Products;
			sourceTree = "<group>";
		};
		CBFD4EDF1F740C07008CD8AA /* PeakNetwork */ = {
			isa = PBXGroup;
			children = (
				1830B136219D8E3400AC862F /* Core */,
				1830B137219D8E3B00AC862F /* Platforms */,
			);
			path = PeakNetwork;
			sourceTree = "<group>";
		};
		CBFD4EEA1F740C07008CD8AA /* Unit Tests */ = {
			isa = PBXGroup;
			children = (
				1830B157219D8F2A00AC862F /* Core */,
				1830B158219D8F2E00AC862F /* Platforms */,
			);
			path = "Unit Tests";
			sourceTree = "<group>";
		};
/* End PBXGroup section */

/* Begin PBXHeadersBuildPhase section */
		1830B13A219D8ED600AC862F /* Headers */ = {
			isa = PBXHeadersBuildPhase;
			buildActionMask = 2147483647;
			files = (
				188DEAC3220DAF790067A6EF /* PeakNetwork.h in Headers */,
			);
			runOnlyForDeploymentPostprocessing = 0;
		};
		CBFD4EDA1F740C07008CD8AA /* Headers */ = {
			isa = PBXHeadersBuildPhase;
			buildActionMask = 2147483647;
			files = (
				182C4827219DC70D00B03F9F /* PeakNetwork.h in Headers */,
			);
			runOnlyForDeploymentPostprocessing = 0;
		};
/* End PBXHeadersBuildPhase section */

/* Begin PBXNativeTarget section */
		1830B13E219D8ED600AC862F /* PeakNetwork-macOS */ = {
			isa = PBXNativeTarget;
			buildConfigurationList = 1830B150219D8ED600AC862F /* Build configuration list for PBXNativeTarget "PeakNetwork-macOS" */;
			buildPhases = (
				08A94CB9B373D60327D98CAB /* [CP] Check Pods Manifest.lock */,
				1830B13A219D8ED600AC862F /* Headers */,
				1830B13B219D8ED600AC862F /* Sources */,
				1830B13C219D8ED600AC862F /* Frameworks */,
				1830B13D219D8ED600AC862F /* Resources */,
			);
			buildRules = (
			);
			dependencies = (
			);
			name = "PeakNetwork-macOS";
			productName = "PeakNetwork-macOS";
			productReference = 1830B13F219D8ED600AC862F /* PeakNetwork_macOS.framework */;
			productType = "com.apple.product-type.framework";
		};
		1830B146219D8ED600AC862F /* PeakNetwork-macOSTests */ = {
			isa = PBXNativeTarget;
			buildConfigurationList = 1830B153219D8ED600AC862F /* Build configuration list for PBXNativeTarget "PeakNetwork-macOSTests" */;
			buildPhases = (
				619043481CBF0A112F2EFBAC /* [CP] Check Pods Manifest.lock */,
				1830B143219D8ED600AC862F /* Sources */,
				1830B144219D8ED600AC862F /* Frameworks */,
				1830B145219D8ED600AC862F /* Resources */,
			);
			buildRules = (
			);
			dependencies = (
				1830B14A219D8ED600AC862F /* PBXTargetDependency */,
			);
			name = "PeakNetwork-macOSTests";
			productName = "PeakNetwork-macOSTests";
			productReference = 1830B147219D8ED600AC862F /* PeakNetwork_macOSTests.xctest */;
			productType = "com.apple.product-type.bundle.unit-test";
		};
		CBFD4EDC1F740C07008CD8AA /* PeakNetwork-iOS */ = {
			isa = PBXNativeTarget;
			buildConfigurationList = CBFD4EF11F740C07008CD8AA /* Build configuration list for PBXNativeTarget "PeakNetwork-iOS" */;
			buildPhases = (
				9B2DAEF6318B93040036FEBC /* [CP] Check Pods Manifest.lock */,
				CBFD4ED81F740C07008CD8AA /* Sources */,
				CBFD4ED91F740C07008CD8AA /* Frameworks */,
				CBFD4EDA1F740C07008CD8AA /* Headers */,
				CBFD4EDB1F740C07008CD8AA /* Resources */,
			);
			buildRules = (
			);
			dependencies = (
			);
			name = "PeakNetwork-iOS";
			productName = THRNetwork;
			productReference = CBFD4EDD1F740C07008CD8AA /* PeakNetwork_iOS.framework */;
			productType = "com.apple.product-type.framework";
		};
		CBFD4EE51F740C07008CD8AA /* PeakNetwork-iOSTests */ = {
			isa = PBXNativeTarget;
			buildConfigurationList = CBFD4EF41F740C07008CD8AA /* Build configuration list for PBXNativeTarget "PeakNetwork-iOSTests" */;
			buildPhases = (
				177BCF6CA7A4F961D66B784B /* [CP] Check Pods Manifest.lock */,
				CBFD4EE21F740C07008CD8AA /* Sources */,
				CBFD4EE31F740C07008CD8AA /* Frameworks */,
				CBFD4EE41F740C07008CD8AA /* Resources */,
			);
			buildRules = (
			);
			dependencies = (
				CBFD4EE91F740C07008CD8AA /* PBXTargetDependency */,
			);
			name = "PeakNetwork-iOSTests";
			productName = THRNetworkTests;
			productReference = CBFD4EE61F740C07008CD8AA /* PeakNetwork_iOSTests.xctest */;
			productType = "com.apple.product-type.bundle.unit-test";
		};
/* End PBXNativeTarget section */

/* Begin PBXProject section */
		CBFD4ED41F740C07008CD8AA /* Project object */ = {
			isa = PBXProject;
			attributes = {
				LastSwiftUpdateCheck = 1010;
				LastUpgradeCheck = 0930;
				ORGANIZATIONNAME = 3Squared;
				TargetAttributes = {
					1830B13E219D8ED600AC862F = {
						CreatedOnToolsVersion = 10.1;
						ProvisioningStyle = Automatic;
					};
					1830B146219D8ED600AC862F = {
						CreatedOnToolsVersion = 10.1;
						ProvisioningStyle = Automatic;
					};
					CBFD4EDC1F740C07008CD8AA = {
						CreatedOnToolsVersion = 9.0;
						LastSwiftMigration = 1000;
						ProvisioningStyle = Automatic;
					};
					CBFD4EE51F740C07008CD8AA = {
						CreatedOnToolsVersion = 9.0;
						LastSwiftMigration = 1000;
						ProvisioningStyle = Automatic;
					};
				};
			};
			buildConfigurationList = CBFD4ED71F740C07008CD8AA /* Build configuration list for PBXProject "PeakNetwork" */;
			compatibilityVersion = "Xcode 8.0";
			developmentRegion = en;
			hasScannedForEncodings = 0;
			knownRegions = (
				en,
			);
			mainGroup = CBFD4ED31F740C07008CD8AA;
			productRefGroup = CBFD4EDE1F740C07008CD8AA /* Products */;
			projectDirPath = "";
			projectRoot = "";
			targets = (
				CBFD4EDC1F740C07008CD8AA /* PeakNetwork-iOS */,
				CBFD4EE51F740C07008CD8AA /* PeakNetwork-iOSTests */,
				1830B13E219D8ED600AC862F /* PeakNetwork-macOS */,
				1830B146219D8ED600AC862F /* PeakNetwork-macOSTests */,
			);
		};
/* End PBXProject section */

/* Begin PBXResourcesBuildPhase section */
		1830B13D219D8ED600AC862F /* Resources */ = {
			isa = PBXResourcesBuildPhase;
			buildActionMask = 2147483647;
			files = (
			);
			runOnlyForDeploymentPostprocessing = 0;
		};
		1830B145219D8ED600AC862F /* Resources */ = {
			isa = PBXResourcesBuildPhase;
			buildActionMask = 2147483647;
			files = (
			);
			runOnlyForDeploymentPostprocessing = 0;
		};
		CBFD4EDB1F740C07008CD8AA /* Resources */ = {
			isa = PBXResourcesBuildPhase;
			buildActionMask = 2147483647;
			files = (
			);
			runOnlyForDeploymentPostprocessing = 0;
		};
		CBFD4EE41F740C07008CD8AA /* Resources */ = {
			isa = PBXResourcesBuildPhase;
			buildActionMask = 2147483647;
			files = (
				CB2380FB1F740DBD00F1B001 /* github.com.cer in Resources */,
				CB3178731FDAA5AF00B063ED /* test.json in Resources */,
				CB2380FA1F740DBD00F1B001 /* 600.png in Resources */,
				CB2380F91F740DBD00F1B001 /* 300.png in Resources */,
			);
			runOnlyForDeploymentPostprocessing = 0;
		};
/* End PBXResourcesBuildPhase section */

/* Begin PBXShellScriptBuildPhase section */
		08A94CB9B373D60327D98CAB /* [CP] Check Pods Manifest.lock */ = {
			isa = PBXShellScriptBuildPhase;
			buildActionMask = 2147483647;
			files = (
			);
			inputFileListPaths = (
			);
			inputPaths = (
				"${PODS_PODFILE_DIR_PATH}/Podfile.lock",
				"${PODS_ROOT}/Manifest.lock",
			);
			name = "[CP] Check Pods Manifest.lock";
			outputFileListPaths = (
			);
			outputPaths = (
				"$(DERIVED_FILE_DIR)/Pods-PeakNetwork-macOS-checkManifestLockResult.txt",
			);
			runOnlyForDeploymentPostprocessing = 0;
			shellPath = /bin/sh;
			shellScript = "diff \"${PODS_PODFILE_DIR_PATH}/Podfile.lock\" \"${PODS_ROOT}/Manifest.lock\" > /dev/null\nif [ $? != 0 ] ; then\n    # print error to STDERR\n    echo \"error: The sandbox is not in sync with the Podfile.lock. Run 'pod install' or update your CocoaPods installation.\" >&2\n    exit 1\nfi\n# This output is used by Xcode 'outputs' to avoid re-running this script phase.\necho \"SUCCESS\" > \"${SCRIPT_OUTPUT_FILE_0}\"\n";
			showEnvVarsInLog = 0;
		};
		177BCF6CA7A4F961D66B784B /* [CP] Check Pods Manifest.lock */ = {
			isa = PBXShellScriptBuildPhase;
			buildActionMask = 2147483647;
			files = (
			);
			inputFileListPaths = (
			);
			inputPaths = (
				"${PODS_PODFILE_DIR_PATH}/Podfile.lock",
				"${PODS_ROOT}/Manifest.lock",
			);
			name = "[CP] Check Pods Manifest.lock";
			outputFileListPaths = (
			);
			outputPaths = (
				"$(DERIVED_FILE_DIR)/Pods-PeakNetwork-iOSTests-checkManifestLockResult.txt",
			);
			runOnlyForDeploymentPostprocessing = 0;
			shellPath = /bin/sh;
			shellScript = "diff \"${PODS_PODFILE_DIR_PATH}/Podfile.lock\" \"${PODS_ROOT}/Manifest.lock\" > /dev/null\nif [ $? != 0 ] ; then\n    # print error to STDERR\n    echo \"error: The sandbox is not in sync with the Podfile.lock. Run 'pod install' or update your CocoaPods installation.\" >&2\n    exit 1\nfi\n# This output is used by Xcode 'outputs' to avoid re-running this script phase.\necho \"SUCCESS\" > \"${SCRIPT_OUTPUT_FILE_0}\"\n";
			showEnvVarsInLog = 0;
		};
		619043481CBF0A112F2EFBAC /* [CP] Check Pods Manifest.lock */ = {
			isa = PBXShellScriptBuildPhase;
			buildActionMask = 2147483647;
			files = (
			);
			inputFileListPaths = (
			);
			inputPaths = (
				"${PODS_PODFILE_DIR_PATH}/Podfile.lock",
				"${PODS_ROOT}/Manifest.lock",
			);
			name = "[CP] Check Pods Manifest.lock";
			outputFileListPaths = (
			);
			outputPaths = (
				"$(DERIVED_FILE_DIR)/Pods-PeakNetwork-macOSTests-checkManifestLockResult.txt",
			);
			runOnlyForDeploymentPostprocessing = 0;
			shellPath = /bin/sh;
			shellScript = "diff \"${PODS_PODFILE_DIR_PATH}/Podfile.lock\" \"${PODS_ROOT}/Manifest.lock\" > /dev/null\nif [ $? != 0 ] ; then\n    # print error to STDERR\n    echo \"error: The sandbox is not in sync with the Podfile.lock. Run 'pod install' or update your CocoaPods installation.\" >&2\n    exit 1\nfi\n# This output is used by Xcode 'outputs' to avoid re-running this script phase.\necho \"SUCCESS\" > \"${SCRIPT_OUTPUT_FILE_0}\"\n";
			showEnvVarsInLog = 0;
		};
		9B2DAEF6318B93040036FEBC /* [CP] Check Pods Manifest.lock */ = {
			isa = PBXShellScriptBuildPhase;
			buildActionMask = 2147483647;
			files = (
			);
			inputFileListPaths = (
			);
			inputPaths = (
				"${PODS_PODFILE_DIR_PATH}/Podfile.lock",
				"${PODS_ROOT}/Manifest.lock",
			);
			name = "[CP] Check Pods Manifest.lock";
			outputFileListPaths = (
			);
			outputPaths = (
				"$(DERIVED_FILE_DIR)/Pods-PeakNetwork-iOS-checkManifestLockResult.txt",
			);
			runOnlyForDeploymentPostprocessing = 0;
			shellPath = /bin/sh;
			shellScript = "diff \"${PODS_PODFILE_DIR_PATH}/Podfile.lock\" \"${PODS_ROOT}/Manifest.lock\" > /dev/null\nif [ $? != 0 ] ; then\n    # print error to STDERR\n    echo \"error: The sandbox is not in sync with the Podfile.lock. Run 'pod install' or update your CocoaPods installation.\" >&2\n    exit 1\nfi\n# This output is used by Xcode 'outputs' to avoid re-running this script phase.\necho \"SUCCESS\" > \"${SCRIPT_OUTPUT_FILE_0}\"\n";
			showEnvVarsInLog = 0;
		};
/* End PBXShellScriptBuildPhase section */

/* Begin PBXSourcesBuildPhase section */
		1830B13B219D8ED600AC862F /* Sources */ = {
			isa = PBXSourcesBuildPhase;
			buildActionMask = 2147483647;
			files = (
				1830B168219D8F9E00AC862F /* ImageController.swift in Sources */,
				1830B16B219D8F9E00AC862F /* Operators.swift in Sources */,
				1830B169219D8F9E00AC862F /* Logger.swift in Sources */,
				1830B165219D8F9E00AC862F /* Errors.swift in Sources */,
				1830B164219D8F9E00AC862F /* CertificatePinningSessionDelegate.swift in Sources */,
				18F2DFF421A81ABD007098FB /* Requestable.swift in Sources */,
				188DEAC7220DAF9F0067A6EF /* PeakNetwork+Aliases.swift in Sources */,
				1830B167219D8F9E00AC862F /* HTTPStatusCodes.swift in Sources */,
				1830B166219D8F9E00AC862F /* HTTPMethods.swift in Sources */,
				1830B16A219D8F9E00AC862F /* NetworkOperation.swift in Sources */,
				1830B16C219DBE6A00AC862F /* Session.swift in Sources */,
			);
			runOnlyForDeploymentPostprocessing = 0;
		};
		1830B143219D8ED600AC862F /* Sources */ = {
			isa = PBXSourcesBuildPhase;
			buildActionMask = 2147483647;
			files = (
			);
			runOnlyForDeploymentPostprocessing = 0;
		};
		CBFD4ED81F740C07008CD8AA /* Sources */ = {
			isa = PBXSourcesBuildPhase;
			buildActionMask = 2147483647;
			files = (
				CB2380E41F740D1500F1B001 /* NetworkOperation.swift in Sources */,
				CB2380E71F740D1500F1B001 /* Operators.swift in Sources */,
				CB2380E91F740D1500F1B001 /* HTTPMethods.swift in Sources */,
				CB2380E51F740D1500F1B001 /* CertificatePinningSessionDelegate.swift in Sources */,
				CB2380E61F740D1500F1B001 /* ImageController.swift in Sources */,
				18F2DFF321A81ABD007098FB /* Requestable.swift in Sources */,
				188DEAC5220DAF9B0067A6EF /* PeakNetwork+Aliases.swift in Sources */,
				CBF2179720CAC63700515DB2 /* Logger.swift in Sources */,
				CB2380E81F740D1500F1B001 /* Session.swift in Sources */,
				CB2380EC1F740D1500F1B001 /* Errors.swift in Sources */,
				CB3AA6CA1FD5A5C9008EFC5C /* HTTPStatusCodes.swift in Sources */,
				F5048E5C221420B7005E8269 /* RecordingLogger.swift in Sources */,
			);
			runOnlyForDeploymentPostprocessing = 0;
		};
		CBFD4EE21F740C07008CD8AA /* Sources */ = {
			isa = PBXSourcesBuildPhase;
			buildActionMask = 2147483647;
			files = (
				CB2380F81F740D9C00F1B001 /* TestEntity.swift in Sources */,
				CB2380F71F740D9C00F1B001 /* NetworkTests.swift in Sources */,
				CB2380F51F740D9C00F1B001 /* CertificatePinningTests.swift in Sources */,
				F5048E6122143C70005E8269 /* RecordingLoggerTests.swift in Sources */,
				CB2380F61F740D9C00F1B001 /* ImageControllerTests.swift in Sources */,
				CB5F252A206BD4A30023FB7F /* MockSessionTests.swift in Sources */,
			);
			runOnlyForDeploymentPostprocessing = 0;
		};
/* End PBXSourcesBuildPhase section */

/* Begin PBXTargetDependency section */
		1830B14A219D8ED600AC862F /* PBXTargetDependency */ = {
			isa = PBXTargetDependency;
			target = 1830B13E219D8ED600AC862F /* PeakNetwork-macOS */;
			targetProxy = 1830B149219D8ED600AC862F /* PBXContainerItemProxy */;
		};
		CBFD4EE91F740C07008CD8AA /* PBXTargetDependency */ = {
			isa = PBXTargetDependency;
			target = CBFD4EDC1F740C07008CD8AA /* PeakNetwork-iOS */;
			targetProxy = CBFD4EE81F740C07008CD8AA /* PBXContainerItemProxy */;
		};
/* End PBXTargetDependency section */

/* Begin XCBuildConfiguration section */
		1830B151219D8ED600AC862F /* Debug */ = {
			isa = XCBuildConfiguration;
			baseConfigurationReference = 056D1377BC3154B39DE0DF12 /* Pods-PeakNetwork-macOS.debug.xcconfig */;
			buildSettings = {
				CLANG_ENABLE_OBJC_WEAK = YES;
				CODE_SIGN_IDENTITY = "-";
				CODE_SIGN_STYLE = Automatic;
				COMBINE_HIDPI_IMAGES = YES;
				DEFINES_MODULE = YES;
				DYLIB_COMPATIBILITY_VERSION = 1;
				DYLIB_CURRENT_VERSION = 1;
				DYLIB_INSTALL_NAME_BASE = "@rpath";
				FRAMEWORK_VERSION = A;
				INFOPLIST_FILE = PeakNetwork/Platforms/macOS/Info.plist;
				INSTALL_PATH = "$(LOCAL_LIBRARY_DIR)/Frameworks";
				LD_RUNPATH_SEARCH_PATHS = "$(inherited) @executable_path/../Frameworks @loader_path/Frameworks";
				MACOSX_DEPLOYMENT_TARGET = 10.13;
				MTL_ENABLE_DEBUG_INFO = INCLUDE_SOURCE;
				MTL_FAST_MATH = YES;
				PRODUCT_BUNDLE_IDENTIFIER = "com.3squared.PeakNetwork-macOS";
				PRODUCT_NAME = "$(TARGET_NAME:c99extidentifier)";
				SDKROOT = macosx;
				SKIP_INSTALL = YES;
				SWIFT_VERSION = 4.2;
			};
			name = Debug;
		};
		1830B152219D8ED600AC862F /* Release */ = {
			isa = XCBuildConfiguration;
			baseConfigurationReference = 19F67A4308912F1015036221 /* Pods-PeakNetwork-macOS.release.xcconfig */;
			buildSettings = {
				CLANG_ENABLE_OBJC_WEAK = YES;
				CODE_SIGN_IDENTITY = "-";
				CODE_SIGN_STYLE = Automatic;
				COMBINE_HIDPI_IMAGES = YES;
				DEFINES_MODULE = YES;
				DYLIB_COMPATIBILITY_VERSION = 1;
				DYLIB_CURRENT_VERSION = 1;
				DYLIB_INSTALL_NAME_BASE = "@rpath";
				FRAMEWORK_VERSION = A;
				INFOPLIST_FILE = PeakNetwork/Platforms/macOS/Info.plist;
				INSTALL_PATH = "$(LOCAL_LIBRARY_DIR)/Frameworks";
				LD_RUNPATH_SEARCH_PATHS = "$(inherited) @executable_path/../Frameworks @loader_path/Frameworks";
				MACOSX_DEPLOYMENT_TARGET = 10.13;
				MTL_FAST_MATH = YES;
				PRODUCT_BUNDLE_IDENTIFIER = "com.3squared.PeakNetwork-macOS";
				PRODUCT_NAME = "$(TARGET_NAME:c99extidentifier)";
				SDKROOT = macosx;
				SKIP_INSTALL = YES;
				SWIFT_VERSION = 4.2;
			};
			name = Release;
		};
		1830B154219D8ED600AC862F /* Debug */ = {
			isa = XCBuildConfiguration;
			baseConfigurationReference = 3F9F5BFD151A18FBA00DF18B /* Pods-PeakNetwork-macOSTests.debug.xcconfig */;
			buildSettings = {
				ALWAYS_EMBED_SWIFT_STANDARD_LIBRARIES = YES;
				CLANG_ENABLE_OBJC_WEAK = YES;
				CODE_SIGN_IDENTITY = "-";
				CODE_SIGN_STYLE = Automatic;
				COMBINE_HIDPI_IMAGES = YES;
				INFOPLIST_FILE = "Unit Tests/Platforms/macOS/Info.plist";
				LD_RUNPATH_SEARCH_PATHS = "$(inherited) @executable_path/../Frameworks @loader_path/../Frameworks";
				MACOSX_DEPLOYMENT_TARGET = 10.14;
				MTL_ENABLE_DEBUG_INFO = INCLUDE_SOURCE;
				MTL_FAST_MATH = YES;
				PRODUCT_BUNDLE_IDENTIFIER = "com.3squared.PeakNetwork-macOSTests";
				PRODUCT_NAME = "$(TARGET_NAME:c99extidentifier)";
				SDKROOT = macosx;
				SWIFT_VERSION = 4.2;
			};
			name = Debug;
		};
		1830B155219D8ED600AC862F /* Release */ = {
			isa = XCBuildConfiguration;
			baseConfigurationReference = 7F13389A8316B538B81A6709 /* Pods-PeakNetwork-macOSTests.release.xcconfig */;
			buildSettings = {
				ALWAYS_EMBED_SWIFT_STANDARD_LIBRARIES = YES;
				CLANG_ENABLE_OBJC_WEAK = YES;
				CODE_SIGN_IDENTITY = "-";
				CODE_SIGN_STYLE = Automatic;
				COMBINE_HIDPI_IMAGES = YES;
				INFOPLIST_FILE = "Unit Tests/Platforms/macOS/Info.plist";
				LD_RUNPATH_SEARCH_PATHS = "$(inherited) @executable_path/../Frameworks @loader_path/../Frameworks";
				MACOSX_DEPLOYMENT_TARGET = 10.14;
				MTL_FAST_MATH = YES;
				PRODUCT_BUNDLE_IDENTIFIER = "com.3squared.PeakNetwork-macOSTests";
				PRODUCT_NAME = "$(TARGET_NAME:c99extidentifier)";
				SDKROOT = macosx;
				SWIFT_VERSION = 4.2;
			};
			name = Release;
		};
		CBFD4EEF1F740C07008CD8AA /* Debug */ = {
			isa = XCBuildConfiguration;
			buildSettings = {
				ALWAYS_SEARCH_USER_PATHS = NO;
				CLANG_ANALYZER_NONNULL = YES;
				CLANG_ANALYZER_NUMBER_OBJECT_CONVERSION = YES_AGGRESSIVE;
				CLANG_CXX_LANGUAGE_STANDARD = "gnu++14";
				CLANG_CXX_LIBRARY = "libc++";
				CLANG_ENABLE_MODULES = YES;
				CLANG_ENABLE_OBJC_ARC = YES;
				CLANG_WARN_BLOCK_CAPTURE_AUTORELEASING = YES;
				CLANG_WARN_BOOL_CONVERSION = YES;
				CLANG_WARN_COMMA = YES;
				CLANG_WARN_CONSTANT_CONVERSION = YES;
				CLANG_WARN_DEPRECATED_OBJC_IMPLEMENTATIONS = YES;
				CLANG_WARN_DIRECT_OBJC_ISA_USAGE = YES_ERROR;
				CLANG_WARN_DOCUMENTATION_COMMENTS = YES;
				CLANG_WARN_EMPTY_BODY = YES;
				CLANG_WARN_ENUM_CONVERSION = YES;
				CLANG_WARN_INFINITE_RECURSION = YES;
				CLANG_WARN_INT_CONVERSION = YES;
				CLANG_WARN_NON_LITERAL_NULL_CONVERSION = YES;
				CLANG_WARN_OBJC_IMPLICIT_RETAIN_SELF = YES;
				CLANG_WARN_OBJC_LITERAL_CONVERSION = YES;
				CLANG_WARN_OBJC_ROOT_CLASS = YES_ERROR;
				CLANG_WARN_RANGE_LOOP_ANALYSIS = YES;
				CLANG_WARN_STRICT_PROTOTYPES = YES;
				CLANG_WARN_SUSPICIOUS_MOVE = YES;
				CLANG_WARN_UNGUARDED_AVAILABILITY = YES_AGGRESSIVE;
				CLANG_WARN_UNREACHABLE_CODE = YES;
				CLANG_WARN__DUPLICATE_METHOD_MATCH = YES;
				CODE_SIGN_IDENTITY = "iPhone Developer";
				COPY_PHASE_STRIP = NO;
				CURRENT_PROJECT_VERSION = 1;
				DEBUG_INFORMATION_FORMAT = dwarf;
				ENABLE_STRICT_OBJC_MSGSEND = YES;
				ENABLE_TESTABILITY = YES;
				GCC_C_LANGUAGE_STANDARD = gnu11;
				GCC_DYNAMIC_NO_PIC = NO;
				GCC_NO_COMMON_BLOCKS = YES;
				GCC_OPTIMIZATION_LEVEL = 0;
				GCC_PREPROCESSOR_DEFINITIONS = (
					"DEBUG=1",
					"$(inherited)",
				);
				GCC_WARN_64_TO_32_BIT_CONVERSION = YES;
				GCC_WARN_ABOUT_RETURN_TYPE = YES_ERROR;
				GCC_WARN_UNDECLARED_SELECTOR = YES;
				GCC_WARN_UNINITIALIZED_AUTOS = YES_AGGRESSIVE;
				GCC_WARN_UNUSED_FUNCTION = YES;
				GCC_WARN_UNUSED_VARIABLE = YES;
				IPHONEOS_DEPLOYMENT_TARGET = 10.0;
				MTL_ENABLE_DEBUG_INFO = YES;
				ONLY_ACTIVE_ARCH = YES;
				SDKROOT = iphoneos;
				SWIFT_ACTIVE_COMPILATION_CONDITIONS = DEBUG;
				SWIFT_OPTIMIZATION_LEVEL = "-Onone";
				SWIFT_VERSION = "";
				VERSIONING_SYSTEM = "apple-generic";
				VERSION_INFO_PREFIX = "";
			};
			name = Debug;
		};
		CBFD4EF01F740C07008CD8AA /* Release */ = {
			isa = XCBuildConfiguration;
			buildSettings = {
				ALWAYS_SEARCH_USER_PATHS = NO;
				CLANG_ANALYZER_NONNULL = YES;
				CLANG_ANALYZER_NUMBER_OBJECT_CONVERSION = YES_AGGRESSIVE;
				CLANG_CXX_LANGUAGE_STANDARD = "gnu++14";
				CLANG_CXX_LIBRARY = "libc++";
				CLANG_ENABLE_MODULES = YES;
				CLANG_ENABLE_OBJC_ARC = YES;
				CLANG_WARN_BLOCK_CAPTURE_AUTORELEASING = YES;
				CLANG_WARN_BOOL_CONVERSION = YES;
				CLANG_WARN_COMMA = YES;
				CLANG_WARN_CONSTANT_CONVERSION = YES;
				CLANG_WARN_DEPRECATED_OBJC_IMPLEMENTATIONS = YES;
				CLANG_WARN_DIRECT_OBJC_ISA_USAGE = YES_ERROR;
				CLANG_WARN_DOCUMENTATION_COMMENTS = YES;
				CLANG_WARN_EMPTY_BODY = YES;
				CLANG_WARN_ENUM_CONVERSION = YES;
				CLANG_WARN_INFINITE_RECURSION = YES;
				CLANG_WARN_INT_CONVERSION = YES;
				CLANG_WARN_NON_LITERAL_NULL_CONVERSION = YES;
				CLANG_WARN_OBJC_IMPLICIT_RETAIN_SELF = YES;
				CLANG_WARN_OBJC_LITERAL_CONVERSION = YES;
				CLANG_WARN_OBJC_ROOT_CLASS = YES_ERROR;
				CLANG_WARN_RANGE_LOOP_ANALYSIS = YES;
				CLANG_WARN_STRICT_PROTOTYPES = YES;
				CLANG_WARN_SUSPICIOUS_MOVE = YES;
				CLANG_WARN_UNGUARDED_AVAILABILITY = YES_AGGRESSIVE;
				CLANG_WARN_UNREACHABLE_CODE = YES;
				CLANG_WARN__DUPLICATE_METHOD_MATCH = YES;
				CODE_SIGN_IDENTITY = "iPhone Developer";
				COPY_PHASE_STRIP = NO;
				CURRENT_PROJECT_VERSION = 1;
				DEBUG_INFORMATION_FORMAT = "dwarf-with-dsym";
				ENABLE_NS_ASSERTIONS = NO;
				ENABLE_STRICT_OBJC_MSGSEND = YES;
				GCC_C_LANGUAGE_STANDARD = gnu11;
				GCC_NO_COMMON_BLOCKS = YES;
				GCC_WARN_64_TO_32_BIT_CONVERSION = YES;
				GCC_WARN_ABOUT_RETURN_TYPE = YES_ERROR;
				GCC_WARN_UNDECLARED_SELECTOR = YES;
				GCC_WARN_UNINITIALIZED_AUTOS = YES_AGGRESSIVE;
				GCC_WARN_UNUSED_FUNCTION = YES;
				GCC_WARN_UNUSED_VARIABLE = YES;
				IPHONEOS_DEPLOYMENT_TARGET = 10.0;
				MTL_ENABLE_DEBUG_INFO = NO;
				SDKROOT = iphoneos;
				SWIFT_OPTIMIZATION_LEVEL = "-Owholemodule";
				SWIFT_VERSION = "";
				VALIDATE_PRODUCT = YES;
				VERSIONING_SYSTEM = "apple-generic";
				VERSION_INFO_PREFIX = "";
			};
			name = Release;
		};
		CBFD4EF21F740C07008CD8AA /* Debug */ = {
			isa = XCBuildConfiguration;
			baseConfigurationReference = F97A8322DDD435542D70EBE4 /* Pods-PeakNetwork-iOS.debug.xcconfig */;
			buildSettings = {
				CLANG_ENABLE_MODULES = YES;
				CODE_SIGN_IDENTITY = "";
				CODE_SIGN_STYLE = Automatic;
				DEFINES_MODULE = YES;
				DEVELOPMENT_TEAM = VPQ4FHFFW8;
				DYLIB_COMPATIBILITY_VERSION = 1;
				DYLIB_CURRENT_VERSION = 1;
				DYLIB_INSTALL_NAME_BASE = "@rpath";
				INFOPLIST_FILE = PeakNetwork/Platforms/iOS/Info.plist;
				INSTALL_PATH = "$(LOCAL_LIBRARY_DIR)/Frameworks";
				IPHONEOS_DEPLOYMENT_TARGET = 10.0;
				LD_RUNPATH_SEARCH_PATHS = "$(inherited) @executable_path/Frameworks @loader_path/Frameworks";
				PRODUCT_BUNDLE_IDENTIFIER = "com.3squared.PeakNetwork-iOS";
				PRODUCT_NAME = "$(TARGET_NAME:c99extidentifier)";
				SKIP_INSTALL = YES;
				SWIFT_OPTIMIZATION_LEVEL = "-Onone";
				SWIFT_VERSION = 4.2;
				TARGETED_DEVICE_FAMILY = "1,2";
			};
			name = Debug;
		};
		CBFD4EF31F740C07008CD8AA /* Release */ = {
			isa = XCBuildConfiguration;
			baseConfigurationReference = 8A48F868C8C5C16D7EF37F7F /* Pods-PeakNetwork-iOS.release.xcconfig */;
			buildSettings = {
				CLANG_ENABLE_MODULES = YES;
				CODE_SIGN_IDENTITY = "";
				CODE_SIGN_STYLE = Automatic;
				DEFINES_MODULE = YES;
				DEVELOPMENT_TEAM = VPQ4FHFFW8;
				DYLIB_COMPATIBILITY_VERSION = 1;
				DYLIB_CURRENT_VERSION = 1;
				DYLIB_INSTALL_NAME_BASE = "@rpath";
				INFOPLIST_FILE = PeakNetwork/Platforms/iOS/Info.plist;
				INSTALL_PATH = "$(LOCAL_LIBRARY_DIR)/Frameworks";
				IPHONEOS_DEPLOYMENT_TARGET = 10.0;
				LD_RUNPATH_SEARCH_PATHS = "$(inherited) @executable_path/Frameworks @loader_path/Frameworks";
				PRODUCT_BUNDLE_IDENTIFIER = "com.3squared.PeakNetwork-iOS";
				PRODUCT_NAME = "$(TARGET_NAME:c99extidentifier)";
				SKIP_INSTALL = YES;
				SWIFT_VERSION = 4.2;
				TARGETED_DEVICE_FAMILY = "1,2";
			};
			name = Release;
		};
		CBFD4EF51F740C07008CD8AA /* Debug */ = {
			isa = XCBuildConfiguration;
			baseConfigurationReference = 1181CBF1635E348B99C9CBA8 /* Pods-PeakNetwork-iOSTests.debug.xcconfig */;
			buildSettings = {
				ALWAYS_EMBED_SWIFT_STANDARD_LIBRARIES = YES;
				CLANG_ENABLE_MODULES = YES;
				CODE_SIGN_STYLE = Automatic;
				DEVELOPMENT_TEAM = VPQ4FHFFW8;
				INFOPLIST_FILE = "Unit Tests/Platforms/iOS/Info.plist";
				LD_RUNPATH_SEARCH_PATHS = "$(inherited) @executable_path/Frameworks @loader_path/Frameworks";
				PRODUCT_BUNDLE_IDENTIFIER = com.3squared.PeakNetworkTests;
				PRODUCT_NAME = "$(TARGET_NAME:c99extidentifier)";
				SWIFT_OPTIMIZATION_LEVEL = "-Onone";
				SWIFT_VERSION = 4.2;
				TARGETED_DEVICE_FAMILY = "1,2";
			};
			name = Debug;
		};
		CBFD4EF61F740C07008CD8AA /* Release */ = {
			isa = XCBuildConfiguration;
			baseConfigurationReference = 73AF6A0F3F1AF9D6A6612758 /* Pods-PeakNetwork-iOSTests.release.xcconfig */;
			buildSettings = {
				ALWAYS_EMBED_SWIFT_STANDARD_LIBRARIES = YES;
				CLANG_ENABLE_MODULES = YES;
				CODE_SIGN_STYLE = Automatic;
				DEVELOPMENT_TEAM = VPQ4FHFFW8;
				INFOPLIST_FILE = "Unit Tests/Platforms/iOS/Info.plist";
				LD_RUNPATH_SEARCH_PATHS = "$(inherited) @executable_path/Frameworks @loader_path/Frameworks";
				PRODUCT_BUNDLE_IDENTIFIER = com.3squared.PeakNetworkTests;
				PRODUCT_NAME = "$(TARGET_NAME:c99extidentifier)";
				SWIFT_VERSION = 4.2;
				TARGETED_DEVICE_FAMILY = "1,2";
			};
			name = Release;
		};
/* End XCBuildConfiguration section */

/* Begin XCConfigurationList section */
		1830B150219D8ED600AC862F /* Build configuration list for PBXNativeTarget "PeakNetwork-macOS" */ = {
			isa = XCConfigurationList;
			buildConfigurations = (
				1830B151219D8ED600AC862F /* Debug */,
				1830B152219D8ED600AC862F /* Release */,
			);
			defaultConfigurationIsVisible = 0;
			defaultConfigurationName = Release;
		};
		1830B153219D8ED600AC862F /* Build configuration list for PBXNativeTarget "PeakNetwork-macOSTests" */ = {
			isa = XCConfigurationList;
			buildConfigurations = (
				1830B154219D8ED600AC862F /* Debug */,
				1830B155219D8ED600AC862F /* Release */,
			);
			defaultConfigurationIsVisible = 0;
			defaultConfigurationName = Release;
		};
		CBFD4ED71F740C07008CD8AA /* Build configuration list for PBXProject "PeakNetwork" */ = {
			isa = XCConfigurationList;
			buildConfigurations = (
				CBFD4EEF1F740C07008CD8AA /* Debug */,
				CBFD4EF01F740C07008CD8AA /* Release */,
			);
			defaultConfigurationIsVisible = 0;
			defaultConfigurationName = Release;
		};
		CBFD4EF11F740C07008CD8AA /* Build configuration list for PBXNativeTarget "PeakNetwork-iOS" */ = {
			isa = XCConfigurationList;
			buildConfigurations = (
				CBFD4EF21F740C07008CD8AA /* Debug */,
				CBFD4EF31F740C07008CD8AA /* Release */,
			);
			defaultConfigurationIsVisible = 0;
			defaultConfigurationName = Release;
		};
		CBFD4EF41F740C07008CD8AA /* Build configuration list for PBXNativeTarget "PeakNetwork-iOSTests" */ = {
			isa = XCConfigurationList;
			buildConfigurations = (
				CBFD4EF51F740C07008CD8AA /* Debug */,
				CBFD4EF61F740C07008CD8AA /* Release */,
			);
			defaultConfigurationIsVisible = 0;
			defaultConfigurationName = Release;
		};
/* End XCConfigurationList section */
	};
	rootObject = CBFD4ED41F740C07008CD8AA /* Project object */;
}
