PODS:
  - THRNetwork (3.1.0):
    - THROperations
  - THROperations (1.4.1):
    - THRResult
  - THRResult (1.0.1)

DEPENDENCIES:
  - THRNetwork (from `../`)

SPEC REPOS:
  "git@gitlab.3squared.com:iOSLibraries/CocoaPodSpecs.git":
    - THROperations
    - THRResult

EXTERNAL SOURCES:
  THRNetwork:
    :path: "../"

SPEC CHECKSUMS:
  THRNetwork: 6bdb8d7210f1a3c80afff8a043358a9ce0a0e55c
  THROperations: d4f583316f131beee4375f2a197740477355b747
  THRResult: 1e24a2909fa3e56efdd5d5d12108b1d308a9f917

PODFILE CHECKSUM: 3c7be41c666ed3472e9e7224dc95cd297f548533

COCOAPODS: 1.5.0
