PODS:
  - THRNetwork (2.0.0):
    - THROperations
  - THROperations (1.3.0):
    - THRResult (~> 1.0.0)
  - THRResult (1.0.0)

DEPENDENCIES:
  - THRNetwork (from `../`)

SPEC REPOS:
  "git@gitlab.3squared.com:iOSLibraries/CocoaPodSpecs.git":
    - THROperations
    - THRResult

EXTERNAL SOURCES:
  THRNetwork:
    :path: "../"

SPEC CHECKSUMS:
  THRNetwork: 17cc579518a1e9041a500b077df5b7dff2919cbe
  THROperations: bcd3061d6574bf94f87f390ebf350d90f2f7e710
  THRResult: 296480bc05503d1de3329f1dc71e44ace12d9176

PODFILE CHECKSUM: eff8274b713db994baef2049334114d67609d38b

COCOAPODS: 1.5.0
